
Microsoft Visual Studio Solution File, Format Version 11.00
# Visual Studio 2010
Project("{CC5FD16D-436D-48AD-A40C-5A424C6E3E79}") = "ImageValidation", "ImageValidation\ImageValidation.ccproj", "{7E25D082-B497-4BFB-8967-B55E4230FD30}"
EndProject
Project("{FAE04EC0-301F-11D3-BF4B-00C04F79EFBC}") = "ImageValidation.Service", "ImageValidation.Service\ImageValidation.Service.csproj", "{55DA7D54-42B8-46C8-91B3-DD8CB7638103}"
EndProject
Project("{2150E333-8FDC-42A3-9474-1A3956D46DE8}") = "NewFolder1", "NewFolder1", "{4185FC8C-9ABF-469F-AC40-8212FD3A9757}"
EndProject
Project("{FAE04EC0-301F-11D3-BF4B-00C04F79EFBC}") = "ImageValidation.Client", "ImageValidation.Client\ImageValidation.Client.csproj", "{C43F30DB-CE16-48C2-9EAB-B1A1D48CB4A1}"
	ProjectSection(ProjectDependencies) = postProject
		{55DA7D54-42B8-46C8-91B3-DD8CB7638103} = {55DA7D54-42B8-46C8-91B3-DD8CB7638103}
	EndProjectSection
EndProject
Project("{FAE04EC0-301F-11D3-BF4B-00C04F79EFBC}") = "ImageValidation.Collection", "ImageValidation.Collection\ImageValidation.Collection.csproj", "{26E92F40-CEBD-4755-B193-978684F7DE23}"
EndProject
Project("{FAE04EC0-301F-11D3-BF4B-00C04F79EFBC}") = "ImageValidation.Core", "ImageValidation.Core\ImageValidation.Core.csproj", "{9759C4F1-6F93-48CD-A8DE-23857FA1305F}"
EndProject
Project("{54435603-DBB4-11D2-8724-00A0C9A8B90C}") = "MySetup", "MySetup\MySetup.vdproj", "{309E1905-6859-42F9-8C6B-F05495A203DB}"
EndProject
Global
	GlobalSection(SolutionConfigurationPlatforms) = preSolution
		Debug|Any CPU = Debug|Any CPU
		Release|Any CPU = Release|Any CPU
	EndGlobalSection
	GlobalSection(ProjectConfigurationPlatforms) = postSolution
		{7E25D082-B497-4BFB-8967-B55E4230FD30}.Debug|Any CPU.ActiveCfg = Debug|Any CPU
		{7E25D082-B497-4BFB-8967-B55E4230FD30}.Debug|Any CPU.Build.0 = Debug|Any CPU
		{7E25D082-B497-4BFB-8967-B55E4230FD30}.Release|Any CPU.ActiveCfg = Release|Any CPU
		{7E25D082-B497-4BFB-8967-B55E4230FD30}.Release|Any CPU.Build.0 = Release|Any CPU
		{55DA7D54-42B8-46C8-91B3-DD8CB7638103}.Debug|Any CPU.ActiveCfg = Debug|Any CPU
		{55DA7D54-42B8-46C8-91B3-DD8CB7638103}.Debug|Any CPU.Build.0 = Debug|Any CPU
		{55DA7D54-42B8-46C8-91B3-DD8CB7638103}.Release|Any CPU.ActiveCfg = Release|Any CPU
		{55DA7D54-42B8-46C8-91B3-DD8CB7638103}.Release|Any CPU.Build.0 = Release|Any CPU
		{C43F30DB-CE16-48C2-9EAB-B1A1D48CB4A1}.Debug|Any CPU.ActiveCfg = Debug|Any CPU
		{C43F30DB-CE16-48C2-9EAB-B1A1D48CB4A1}.Debug|Any CPU.Build.0 = Debug|Any CPU
		{C43F30DB-CE16-48C2-9EAB-B1A1D48CB4A1}.Release|Any CPU.ActiveCfg = Release|Any CPU
		{C43F30DB-CE16-48C2-9EAB-B1A1D48CB4A1}.Release|Any CPU.Build.0 = Release|Any CPU
		{26E92F40-CEBD-4755-B193-978684F7DE23}.Debug|Any CPU.ActiveCfg = Debug|Any CPU
		{26E92F40-CEBD-4755-B193-978684F7DE23}.Debug|Any CPU.Build.0 = Debug|Any CPU
		{26E92F40-CEBD-4755-B193-978684F7DE23}.Release|Any CPU.ActiveCfg = Release|Any CPU
		{26E92F40-CEBD-4755-B193-978684F7DE23}.Release|Any CPU.Build.0 = Release|Any CPU
		{9759C4F1-6F93-48CD-A8DE-23857FA1305F}.Debug|Any CPU.ActiveCfg = Debug|Any CPU
		{9759C4F1-6F93-48CD-A8DE-23857FA1305F}.Debug|Any CPU.Build.0 = Debug|Any CPU
		{9759C4F1-6F93-48CD-A8DE-23857FA1305F}.Release|Any CPU.ActiveCfg = Release|Any CPU
		{9759C4F1-6F93-48CD-A8DE-23857FA1305F}.Release|Any CPU.Build.0 = Release|Any CPU
		{309E1905-6859-42F9-8C6B-F05495A203DB}.Debug|Any CPU.ActiveCfg = Debug
		{309E1905-6859-42F9-8C6B-F05495A203DB}.Release|Any CPU.ActiveCfg = Release
	EndGlobalSection
	GlobalSection(SolutionProperties) = preSolution
		HideSolutionNode = FALSE
	EndGlobalSection
EndGlobal
